// !$*UTF8*$!
{
	archiveVersion = 1;
	classes = {
	};
	objectVersion = 50;
	objects = {

/* Begin PBXBuildFile section */
		6BAFA817216CE8C6002EE640 /* AppDelegate.swift in Sources */ = {isa = PBXBuildFile; fileRef = 6BAFA816216CE8C6002EE640 /* AppDelegate.swift */; };
		6BAFA819216CE8C6002EE640 /* ColorChangeViewController.swift in Sources */ = {isa = PBXBuildFile; fileRef = 6BAFA818216CE8C6002EE640 /* ColorChangeViewController.swift */; };
		6BAFA81C216CE8C6002EE640 /* Main.storyboard in Resources */ = {isa = PBXBuildFile; fileRef = 6BAFA81A216CE8C6002EE640 /* Main.storyboard */; };
		6BAFA81E216CE8C8002EE640 /* Assets.xcassets in Resources */ = {isa = PBXBuildFile; fileRef = 6BAFA81D216CE8C8002EE640 /* Assets.xcassets */; };
		6BAFA821216CE8C8002EE640 /* LaunchScreen.storyboard in Resources */ = {isa = PBXBuildFile; fileRef = 6BAFA81F216CE8C8002EE640 /* LaunchScreen.storyboard */; };
		6BAFA82E216CF5D4002EE640 /* ColorTool.swift in Sources */ = {isa = PBXBuildFile; fileRef = 6BAFA82D216CF5D4002EE640 /* ColorTool.swift */; };
/* End PBXBuildFile section */

/* Begin PBXFileReference section */
		6BAFA813216CE8C6002EE640 /* FirstIOSApp.app */ = {isa = PBXFileReference; explicitFileType = wrapper.application; includeInIndex = 0; path = FirstIOSApp.app; sourceTree = BUILT_PRODUCTS_DIR; };
		6BAFA816216CE8C6002EE640 /* AppDelegate.swift */ = {isa = PBXFileReference; lastKnownFileType = sourcecode.swift; path = AppDelegate.swift; sourceTree = "<group>"; };
		6BAFA818216CE8C6002EE640 /* ColorChangeViewController.swift */ = {isa = PBXFileReference; lastKnownFileType = sourcecode.swift; path = ColorChangeViewController.swift; sourceTree = "<group>"; };
		6BAFA81B216CE8C6002EE640 /* Base */ = {isa = PBXFileReference; lastKnownFileType = file.storyboard; name = Base; path = Base.lproj/Main.storyboard; sourceTree = "<group>"; };
		6BAFA81D216CE8C8002EE640 /* Assets.xcassets */ = {isa = PBXFileReference; lastKnownFileType = folder.assetcatalog; path = Assets.xcassets; sourceTree = "<group>"; };
		6BAFA820216CE8C8002EE640 /* Base */ = {isa = PBXFileReference; lastKnownFileType = file.storyboard; name = Base; path = Base.lproj/LaunchScreen.storyboard; sourceTree = "<group>"; };
		6BAFA822216CE8C8002EE640 /* Info.plist */ = {isa = PBXFileReference; lastKnownFileType = text.plist.xml; path = Info.plist; sourceTree = "<group>"; };
		6BAFA82D216CF5D4002EE640 /* ColorTool.swift */ = {isa = PBXFileReference; lastKnownFileType = sourcecode.swift; path = ColorTool.swift; sourceTree = "<group>"; };
/* End PBXFileReference section */

/* Begin PBXFrameworksBuildPhase section */
		6BAFA810216CE8C6002EE640 /* Frameworks */ = {
			isa = PBXFrameworksBuildPhase;
			buildActionMask = 2147483647;
			files = (
			);
			runOnlyForDeploymentPostprocessing = 0;
		};
/* End PBXFrameworksBuildPhase section */

/* Begin PBXGroup section */
		6BAFA80A216CE8C6002EE640 = {
			isa = PBXGroup;
			children = (
				6BAFA815216CE8C6002EE640 /* FirstIOSApp */,
				6BAFA814216CE8C6002EE640 /* Products */,
			);
			sourceTree = "<group>";
		};
		6BAFA814216CE8C6002EE640 /* Products */ = {
			isa = PBXGroup;
			children = (
				6BAFA813216CE8C6002EE640 /* FirstIOSApp.app */,
			);
			name = Products;
			sourceTree = "<group>";
		};
		6BAFA815216CE8C6002EE640 /* FirstIOSApp */ = {
			isa = PBXGroup;
			children = (
				6BAFA82C216CF580002EE640 /* Model */,
				6BAFA828216CEC89002EE640 /* Resources */,
				6BAFA82A216CF0B6002EE640 /* Controller */,
				6BAFA829216CF08C002EE640 /* View */,
			);
			path = FirstIOSApp;
			sourceTree = "<group>";
		};
		6BAFA828216CEC89002EE640 /* Resources */ = {
			isa = PBXGroup;
			children = (
				6BAFA816216CE8C6002EE640 /* AppDelegate.swift */,
				6BAFA81D216CE8C8002EE640 /* Assets.xcassets */,
				6BAFA822216CE8C8002EE640 /* Info.plist */,
			);
			path = Resources;
			sourceTree = "<group>";
		};
		6BAFA829216CF08C002EE640 /* View */ = {
			isa = PBXGroup;
			children = (
				6BAFA81A216CE8C6002EE640 /* Main.storyboard */,
				6BAFA81F216CE8C8002EE640 /* LaunchScreen.storyboard */,
			);
			path = View;
			sourceTree = "<group>";
		};
		6BAFA82A216CF0B6002EE640 /* Controller */ = {
			isa = PBXGroup;
			children = (
				6BAFA818216CE8C6002EE640 /* ColorChangeViewController.swift */,
			);
			path = Controller;
			sourceTree = "<group>";
		};
		6BAFA82C216CF580002EE640 /* Model */ = {
			isa = PBXGroup;
			children = (
				6BAFA82D216CF5D4002EE640 /* ColorTool.swift */,
			);
			path = Model;
			sourceTree = "<group>";
		};
/* End PBXGroup section */

/* Begin PBXNativeTarget section */
		6BAFA812216CE8C6002EE640 /* FirstIOSApp */ = {
			isa = PBXNativeTarget;
			buildConfigurationList = 6BAFA825216CE8C8002EE640 /* Build configuration list for PBXNativeTarget "FirstIOSApp" */;
			buildPhases = (
				6BAFA80F216CE8C6002EE640 /* Sources */,
				6BAFA810216CE8C6002EE640 /* Frameworks */,
				6BAFA811216CE8C6002EE640 /* Resources */,
			);
			buildRules = (
			);
			dependencies = (
			);
			name = FirstIOSApp;
			productName = FirstIOSApp;
			productReference = 6BAFA813216CE8C6002EE640 /* FirstIOSApp.app */;
			productType = "com.apple.product-type.application";
		};
/* End PBXNativeTarget section */

/* Begin PBXProject section */
		6BAFA80B216CE8C6002EE640 /* Project object */ = {
			isa = PBXProject;
			attributes = {
				LastSwiftUpdateCheck = 0940;
				LastUpgradeCheck = 0940;
				ORGANIZATIONNAME = CTEC;
				TargetAttributes = {
					6BAFA812216CE8C6002EE640 = {
						CreatedOnToolsVersion = 9.4.1;
					};
				};
			};
			buildConfigurationList = 6BAFA80E216CE8C6002EE640 /* Build configuration list for PBXProject "FirstIOSApp" */;
			compatibilityVersion = "Xcode 9.3";
			developmentRegion = en;
			hasScannedForEncodings = 0;
			knownRegions = (
				en,
				Base,
			);
			mainGroup = 6BAFA80A216CE8C6002EE640;
			productRefGroup = 6BAFA814216CE8C6002EE640 /* Products */;
			projectDirPath = "";
			projectRoot = "";
			targets = (
				6BAFA812216CE8C6002EE640 /* FirstIOSApp */,
			);
		};
/* End PBXProject section */

/* Begin PBXResourcesBuildPhase section */
		6BAFA811216CE8C6002EE640 /* Resources */ = {
			isa = PBXResourcesBuildPhase;
			buildActionMask = 2147483647;
			files = (
				6BAFA821216CE8C8002EE640 /* LaunchScreen.storyboard in Resources */,
				6BAFA81E216CE8C8002EE640 /* Assets.xcassets in Resources */,
				6BAFA81C216CE8C6002EE640 /* Main.storyboard in Resources */,
			);
			runOnlyForDeploymentPostprocessing = 0;
		};
/* End PBXResourcesBuildPhase section */

/* Begin PBXSourcesBuildPhase section */
		6BAFA80F216CE8C6002EE640 /* Sources */ = {
			isa = PBXSourcesBuildPhase;
			buildActionMask = 2147483647;
			files = (
				6BAFA819216CE8C6002EE640 /* ColorChangeViewController.swift in Sources */,
				6BAFA817216CE8C6002EE640 /* AppDelegate.swift in Sources */,
				6BAFA82E216CF5D4002EE640 /* ColorTool.swift in Sources */,
			);
			runOnlyForDeploymentPostprocessing = 0;
		};
/* End PBXSourcesBuildPhase section */

/* Begin PBXVariantGroup section */
		6BAFA81A216CE8C6002EE640 /* Main.storyboard */ = {
			isa = PBXVariantGroup;
			children = (
				6BAFA81B216CE8C6002EE640 /* Base */,
			);
			name = Main.storyboard;
			sourceTree = "<group>";
		};
		6BAFA81F216CE8C8002EE640 /* LaunchScreen.storyboard */ = {
			isa = PBXVariantGroup;
			children = (
				6BAFA820216CE8C8002EE640 /* Base */,
			);
			name = LaunchScreen.storyboard;
			sourceTree = "<group>";
		};
/* End PBXVariantGroup section */

/* Begin XCBuildConfiguration section */
		6BAFA823216CE8C8002EE640 /* Debug */ = {
			isa = XCBuildConfiguration;
			buildSettings = {
				ALWAYS_SEARCH_USER_PATHS = NO;
				CLANG_ANALYZER_NONNULL = YES;
				CLANG_ANALYZER_NUMBER_OBJECT_CONVERSION = YES_AGGRESSIVE;
				CLANG_CXX_LANGUAGE_STANDARD = "gnu++14";
				CLANG_CXX_LIBRARY = "libc++";
				CLANG_ENABLE_MODULES = YES;
				CLANG_ENABLE_OBJC_ARC = YES;
				CLANG_ENABLE_OBJC_WEAK = YES;
				CLANG_WARN_BLOCK_CAPTURE_AUTORELEASING = YES;
				CLANG_WARN_BOOL_CONVERSION = YES;
				CLANG_WARN_COMMA = YES;
				CLANG_WARN_CONSTANT_CONVERSION = YES;
				CLANG_WARN_DEPRECATED_OBJC_IMPLEMENTATIONS = YES;
				CLANG_WARN_DIRECT_OBJC_ISA_USAGE = YES_ERROR;
				CLANG_WARN_DOCUMENTATION_COMMENTS = YES;
				CLANG_WARN_EMPTY_BODY = YES;
				CLANG_WARN_ENUM_CONVERSION = YES;
				CLANG_WARN_INFINITE_RECURSION = YES;
				CLANG_WARN_INT_CONVERSION = YES;
				CLANG_WARN_NON_LITERAL_NULL_CONVERSION = YES;
				CLANG_WARN_OBJC_IMPLICIT_RETAIN_SELF = YES;
				CLANG_WARN_OBJC_LITERAL_CONVERSION = YES;
				CLANG_WARN_OBJC_ROOT_CLASS = YES_ERROR;
				CLANG_WARN_RANGE_LOOP_ANALYSIS = YES;
				CLANG_WARN_STRICT_PROTOTYPES = YES;
				CLANG_WARN_SUSPICIOUS_MOVE = YES;
				CLANG_WARN_UNGUARDED_AVAILABILITY = YES_AGGRESSIVE;
				CLANG_WARN_UNREACHABLE_CODE = YES;
				CLANG_WARN__DUPLICATE_METHOD_MATCH = YES;
				CODE_SIGN_IDENTITY = "iPhone Developer";
				COPY_PHASE_STRIP = NO;
				DEBUG_INFORMATION_FORMAT = dwarf;
				ENABLE_STRICT_OBJC_MSGSEND = YES;
				ENABLE_TESTABILITY = YES;
				GCC_C_LANGUAGE_STANDARD = gnu11;
				GCC_DYNAMIC_NO_PIC = NO;
				GCC_NO_COMMON_BLOCKS = YES;
				GCC_OPTIMIZATION_LEVEL = 0;
				GCC_PREPROCESSOR_DEFINITIONS = (
					"DEBUG=1",
					"$(inherited)",
				);
				GCC_WARN_64_TO_32_BIT_CONVERSION = YES;
				GCC_WARN_ABOUT_RETURN_TYPE = YES_ERROR;
				GCC_WARN_UNDECLARED_SELECTOR = YES;
				GCC_WARN_UNINITIALIZED_AUTOS = YES_AGGRESSIVE;
				GCC_WARN_UNUSED_FUNCTION = YES;
				GCC_WARN_UNUSED_VARIABLE = YES;
				IPHONEOS_DEPLOYMENT_TARGET = 11.4;
				MTL_ENABLE_DEBUG_INFO = YES;
				ONLY_ACTIVE_ARCH = YES;
				SDKROOT = iphoneos;
				SWIFT_ACTIVE_COMPILATION_CONDITIONS = DEBUG;
				SWIFT_OPTIMIZATION_LEVEL = "-Onone";
			};
			name = Debug;
		};
		6BAFA824216CE8C8002EE640 /* Release */ = {
			isa = XCBuildConfiguration;
			buildSettings = {
				ALWAYS_SEARCH_USER_PATHS = NO;
				CLANG_ANALYZER_NONNULL = YES;
				CLANG_ANALYZER_NUMBER_OBJECT_CONVERSION = YES_AGGRESSIVE;
				CLANG_CXX_LANGUAGE_STANDARD = "gnu++14";
				CLANG_CXX_LIBRARY = "libc++";
				CLANG_ENABLE_MODULES = YES;
				CLANG_ENABLE_OBJC_ARC = YES;
				CLANG_ENABLE_OBJC_WEAK = YES;
				CLANG_WARN_BLOCK_CAPTURE_AUTORELEASING = YES;
				CLANG_WARN_BOOL_CONVERSION = YES;
				CLANG_WARN_COMMA = YES;
				CLANG_WARN_CONSTANT_CONVERSION = YES;
				CLANG_WARN_DEPRECATED_OBJC_IMPLEMENTATIONS = YES;
				CLANG_WARN_DIRECT_OBJC_ISA_USAGE = YES_ERROR;
				CLANG_WARN_DOCUMENTATION_COMMENTS = YES;
				CLANG_WARN_EMPTY_BODY = YES;
				CLANG_WARN_ENUM_CONVERSION = YES;
				CLANG_WARN_INFINITE_RECURSION = YES;
				CLANG_WARN_INT_CONVERSION = YES;
				CLANG_WARN_NON_LITERAL_NULL_CONVERSION = YES;
				CLANG_WARN_OBJC_IMPLICIT_RETAIN_SELF = YES;
				CLANG_WARN_OBJC_LITERAL_CONVERSION = YES;
				CLANG_WARN_OBJC_ROOT_CLASS = YES_ERROR;
				CLANG_WARN_RANGE_LOOP_ANALYSIS = YES;
				CLANG_WARN_STRICT_PROTOTYPES = YES;
				CLANG_WARN_SUSPICIOUS_MOVE = YES;
				CLANG_WARN_UNGUARDED_AVAILABILITY = YES_AGGRESSIVE;
				CLANG_WARN_UNREACHABLE_CODE = YES;
				CLANG_WARN__DUPLICATE_METHOD_MATCH = YES;
				CODE_SIGN_IDENTITY = "iPhone Developer";
				COPY_PHASE_STRIP = NO;
				DEBUG_INFORMATION_FORMAT = "dwarf-with-dsym";
				ENABLE_NS_ASSERTIONS = NO;
				ENABLE_STRICT_OBJC_MSGSEND = YES;
				GCC_C_LANGUAGE_STANDARD = gnu11;
				GCC_NO_COMMON_BLOCKS = YES;
				GCC_WARN_64_TO_32_BIT_CONVERSION = YES;
				GCC_WARN_ABOUT_RETURN_TYPE = YES_ERROR;
				GCC_WARN_UNDECLARED_SELECTOR = YES;
				GCC_WARN_UNINITIALIZED_AUTOS = YES_AGGRESSIVE;
				GCC_WARN_UNUSED_FUNCTION = YES;
				GCC_WARN_UNUSED_VARIABLE = YES;
				IPHONEOS_DEPLOYMENT_TARGET = 11.4;
				MTL_ENABLE_DEBUG_INFO = NO;
				SDKROOT = iphoneos;
				SWIFT_COMPILATION_MODE = wholemodule;
				SWIFT_OPTIMIZATION_LEVEL = "-O";
				VALIDATE_PRODUCT = YES;
			};
			name = Release;
		};
		6BAFA826216CE8C8002EE640 /* Debug */ = {
			isa = XCBuildConfiguration;
			buildSettings = {
				ASSETCATALOG_COMPILER_APPICON_NAME = AppIcon;
				CODE_SIGN_STYLE = Automatic;
				INFOPLIST_FILE = "$(SRCROOT)/FirstIOSApp/Resources/Info.plist";
				LD_RUNPATH_SEARCH_PATHS = (
					"$(inherited)",
					"@executable_path/Frameworks",
				);
				PRODUCT_BUNDLE_IDENTIFIER = CTEC.FirstIOSApp;
				PRODUCT_NAME = "$(TARGET_NAME)";
				SWIFT_VERSION = 4.0;
				TARGETED_DEVICE_FAMILY = "1,2";
			};
			name = Debug;
		};
		6BAFA827216CE8C8002EE640 /* Release */ = {
			isa = XCBuildConfiguration;
			buildSettings = {
				ASSETCATALOG_COMPILER_APPICON_NAME = AppIcon;
				CODE_SIGN_STYLE = Automatic;
				INFOPLIST_FILE = "$(SRCROOT)/FirstIOSApp/Resources/Info.plist";
				LD_RUNPATH_SEARCH_PATHS = (
					"$(inherited)",
					"@executable_path/Frameworks",
				);
				PRODUCT_BUNDLE_IDENTIFIER = CTEC.FirstIOSApp;
				PRODUCT_NAME = "$(TARGET_NAME)";
				SWIFT_VERSION = 4.0;
				TARGETED_DEVICE_FAMILY = "1,2";
			};
			name = Release;
		};
/* End XCBuildConfiguration section */

/* Begin XCConfigurationList section */
		6BAFA80E216CE8C6002EE640 /* Build configuration list for PBXProject "FirstIOSApp" */ = {
			isa = XCConfigurationList;
			buildConfigurations = (
				6BAFA823216CE8C8002EE640 /* Debug */,
				6BAFA824216CE8C8002EE640 /* Release */,
			);
			defaultConfigurationIsVisible = 0;
			defaultConfigurationName = Release;
		};
		6BAFA825216CE8C8002EE640 /* Build configuration list for PBXNativeTarget "FirstIOSApp" */ = {
			isa = XCConfigurationList;
			buildConfigurations = (
				6BAFA826216CE8C8002EE640 /* Debug */,
				6BAFA827216CE8C8002EE640 /* Release */,
			);
			defaultConfigurationIsVisible = 0;
			defaultConfigurationName = Release;
		};
/* End XCConfigurationList section */
	};
	rootObject = 6BAFA80B216CE8C6002EE640 /* Project object */;
}
